
Microsoft Visual Studio Solution File, Format Version 12.00
# Visual Studio Version 17
VisualStudioVersion = 17.11.35303.130
MinimumVisualStudioVersion = 10.0.40219.1
Project("{9A19103F-16F7-4668-BE54-9A1E7A4F7556}") = "HelpdeskDAL", "HelpdeskDAL\HelpdeskDAL.csproj", "{632D62E3-CE4B-470E-9D9B-227972B4F1E4}"
EndProject
Project("{9A19103F-16F7-4668-BE54-9A1E7A4F7556}") = "HelpdeskViewModels", "HelpdeskViewModels\HelpdeskViewModels.csproj", "{A2DD3FD0-63C6-4D03-B924-A1E33971DF2C}"
EndProject
Project("{FAE04EC0-301F-11D3-BF4B-00C04F79EFBC}") = "HelpdeskWebsite", "HelpdeskWebsite\HelpdeskWebsite.csproj", "{F8BD5EA6-2004-4D7B-899C-8A0AAD0C4E69}"
EndProject
Project("{FAE04EC0-301F-11D3-BF4B-00C04F79EFBC}") = "HelpdeskTests", "HelpdeskTests\HelpdeskTests.csproj", "{2A462750-F9A8-4FFE-BFD8-87958E527E9C}"
	ProjectSection(ProjectDependencies) = postProject
		{632D62E3-CE4B-470E-9D9B-227972B4F1E4} = {632D62E3-CE4B-470E-9D9B-227972B4F1E4}
		{A2DD3FD0-63C6-4D03-B924-A1E33971DF2C} = {A2DD3FD0-63C6-4D03-B924-A1E33971DF2C}
	EndProjectSection
EndProject
Global
	GlobalSection(SolutionConfigurationPlatforms) = preSolution
		Debug|Any CPU = Debug|Any CPU
		Release|Any CPU = Release|Any CPU
	EndGlobalSection
	GlobalSection(ProjectConfigurationPlatforms) = postSolution
		{632D62E3-CE4B-470E-9D9B-227972B4F1E4}.Debug|Any CPU.ActiveCfg = Debug|Any CPU
		{632D62E3-CE4B-470E-9D9B-227972B4F1E4}.Debug|Any CPU.Build.0 = Debug|Any CPU
		{632D62E3-CE4B-470E-9D9B-227972B4F1E4}.Release|Any CPU.ActiveCfg = Release|Any CPU
		{632D62E3-CE4B-470E-9D9B-227972B4F1E4}.Release|Any CPU.Build.0 = Release|Any CPU
		{A2DD3FD0-63C6-4D03-B924-A1E33971DF2C}.Debug|Any CPU.ActiveCfg = Debug|Any CPU
		{A2DD3FD0-63C6-4D03-B924-A1E33971DF2C}.Debug|Any CPU.Build.0 = Debug|Any CPU
		{A2DD3FD0-63C6-4D03-B924-A1E33971DF2C}.Release|Any CPU.ActiveCfg = Release|Any CPU
		{A2DD3FD0-63C6-4D03-B924-A1E33971DF2C}.Release|Any CPU.Build.0 = Release|Any CPU
		{F8BD5EA6-2004-4D7B-899C-8A0AAD0C4E69}.Debug|Any CPU.ActiveCfg = Debug|Any CPU
		{F8BD5EA6-2004-4D7B-899C-8A0AAD0C4E69}.Debug|Any CPU.Build.0 = Debug|Any CPU
		{F8BD5EA6-2004-4D7B-899C-8A0AAD0C4E69}.Release|Any CPU.ActiveCfg = Release|Any CPU
		{F8BD5EA6-2004-4D7B-899C-8A0AAD0C4E69}.Release|Any CPU.Build.0 = Release|Any CPU
		{2A462750-F9A8-4FFE-BFD8-87958E527E9C}.Debug|Any CPU.ActiveCfg = Debug|Any CPU
		{2A462750-F9A8-4FFE-BFD8-87958E527E9C}.Debug|Any CPU.Build.0 = Debug|Any CPU
		{2A462750-F9A8-4FFE-BFD8-87958E527E9C}.Release|Any CPU.ActiveCfg = Release|Any CPU
		{2A462750-F9A8-4FFE-BFD8-87958E527E9C}.Release|Any CPU.Build.0 = Release|Any CPU
	EndGlobalSection
	GlobalSection(SolutionProperties) = preSolution
		HideSolutionNode = FALSE
	EndGlobalSection
	GlobalSection(ExtensibilityGlobals) = postSolution
		SolutionGuid = {1531B8F2-3DCD-46BC-B443-0FCA541BFC4E}
	EndGlobalSection
EndGlobal
